
Microsoft Visual Studio Solution File, Format Version 12.00
# Visual Studio 2012
Project("{FAE04EC0-301F-11D3-BF4B-00C04F79EFBC}") = "ReadingList.Logic", "ReadingList.Logic\ReadingList.Logic.csproj", "{9C031A59-1902-4BB5-A5E4-992D9836D791}"
EndProject
Project("{FAE04EC0-301F-11D3-BF4B-00C04F79EFBC}") = "ReadingList.Trello", "ReadingList.Trello\ReadingList.Trello.csproj", "{E342584D-F19D-4DCA-8303-F2FB1B08CBEE}"
EndProject
Project("{FAE04EC0-301F-11D3-BF4B-00C04F79EFBC}") = "ReadingList.Logging", "ReadingList.Logging\ReadingList.Logging.csproj", "{CDF7D64A-09E2-4493-9AC6-7E41D80AFD1D}"
EndProject
Project("{FAE04EC0-301F-11D3-BF4B-00C04F79EFBC}") = "ReadingList.Carter", "ReadingList.Carter\ReadingList.Carter.csproj", "{B085B76E-9C24-4A89-97DB-BE9FA7E601DB}"
EndProject
Project("{FAE04EC0-301F-11D3-BF4B-00C04F79EFBC}") = "ReadingList.Notes.Logic", "ReadingList.Notes.Logic\ReadingList.Notes.Logic.csproj", "{347E737A-AE70-4432-B968-E7F7C94FB9BF}"
EndProject
Global
	GlobalSection(SolutionConfigurationPlatforms) = preSolution
		Debug|x86 = Debug|x86
		Release|x86 = Release|x86
	EndGlobalSection
	GlobalSection(ProjectConfigurationPlatforms) = postSolution
		{9C031A59-1902-4BB5-A5E4-992D9836D791}.Debug|x86.ActiveCfg = Debug|Any CPU
		{9C031A59-1902-4BB5-A5E4-992D9836D791}.Debug|x86.Build.0 = Debug|Any CPU
		{9C031A59-1902-4BB5-A5E4-992D9836D791}.Release|x86.ActiveCfg = Release|Any CPU
		{9C031A59-1902-4BB5-A5E4-992D9836D791}.Release|x86.Build.0 = Release|Any CPU
		{E342584D-F19D-4DCA-8303-F2FB1B08CBEE}.Debug|x86.ActiveCfg = Debug|Any CPU
		{E342584D-F19D-4DCA-8303-F2FB1B08CBEE}.Debug|x86.Build.0 = Debug|Any CPU
		{E342584D-F19D-4DCA-8303-F2FB1B08CBEE}.Release|x86.ActiveCfg = Release|Any CPU
		{E342584D-F19D-4DCA-8303-F2FB1B08CBEE}.Release|x86.Build.0 = Release|Any CPU
		{CDF7D64A-09E2-4493-9AC6-7E41D80AFD1D}.Debug|x86.ActiveCfg = Debug|Any CPU
		{CDF7D64A-09E2-4493-9AC6-7E41D80AFD1D}.Debug|x86.Build.0 = Debug|Any CPU
		{CDF7D64A-09E2-4493-9AC6-7E41D80AFD1D}.Release|x86.ActiveCfg = Release|Any CPU
		{CDF7D64A-09E2-4493-9AC6-7E41D80AFD1D}.Release|x86.Build.0 = Release|Any CPU
		{B085B76E-9C24-4A89-97DB-BE9FA7E601DB}.Debug|x86.ActiveCfg = Debug|Any CPU
		{B085B76E-9C24-4A89-97DB-BE9FA7E601DB}.Debug|x86.Build.0 = Debug|Any CPU
		{B085B76E-9C24-4A89-97DB-BE9FA7E601DB}.Release|x86.ActiveCfg = Release|Any CPU
		{B085B76E-9C24-4A89-97DB-BE9FA7E601DB}.Release|x86.Build.0 = Release|Any CPU
		{347E737A-AE70-4432-B968-E7F7C94FB9BF}.Debug|x86.ActiveCfg = Debug|Any CPU
		{347E737A-AE70-4432-B968-E7F7C94FB9BF}.Debug|x86.Build.0 = Debug|Any CPU
		{347E737A-AE70-4432-B968-E7F7C94FB9BF}.Release|x86.ActiveCfg = Release|Any CPU
		{347E737A-AE70-4432-B968-E7F7C94FB9BF}.Release|x86.Build.0 = Release|Any CPU
	EndGlobalSection
EndGlobal
